
Microsoft Visual Studio Solution File, Format Version 12.00
# Visual Studio 15
VisualStudioVersion = 15.0.26124.0
MinimumVisualStudioVersion = 15.0.26124.0
Project("{FAE04EC0-301F-11D3-BF4B-00C04F79EFBC}") = "AlgoLearning", "AlgoLearning\AlgoLearning.csproj", "{8DB2A78D-0FB1-4808-B707-2954E9FF9A32}"
EndProject
Project("{FAE04EC0-301F-11D3-BF4B-00C04F79EFBC}") = "AlgoTests", "AlgoTests\AlgoTests.csproj", "{1807EC5D-626C-4CB1-9042-9035C24A8E0B}"
EndProject
Global
	GlobalSection(SolutionConfigurationPlatforms) = preSolution
		Debug|Any CPU = Debug|Any CPU
		Debug|x64 = Debug|x64
		Debug|x86 = Debug|x86
		Release|Any CPU = Release|Any CPU
		Release|x64 = Release|x64
		Release|x86 = Release|x86
	EndGlobalSection
	GlobalSection(SolutionProperties) = preSolution
		HideSolutionNode = FALSE
	EndGlobalSection
	GlobalSection(ProjectConfigurationPlatforms) = postSolution
		{8DB2A78D-0FB1-4808-B707-2954E9FF9A32}.Debug|Any CPU.ActiveCfg = Debug|Any CPU
		{8DB2A78D-0FB1-4808-B707-2954E9FF9A32}.Debug|Any CPU.Build.0 = Debug|Any CPU
		{8DB2A78D-0FB1-4808-B707-2954E9FF9A32}.Debug|x64.ActiveCfg = Debug|Any CPU
		{8DB2A78D-0FB1-4808-B707-2954E9FF9A32}.Debug|x64.Build.0 = Debug|Any CPU
		{8DB2A78D-0FB1-4808-B707-2954E9FF9A32}.Debug|x86.ActiveCfg = Debug|Any CPU
		{8DB2A78D-0FB1-4808-B707-2954E9FF9A32}.Debug|x86.Build.0 = Debug|Any CPU
		{8DB2A78D-0FB1-4808-B707-2954E9FF9A32}.Release|Any CPU.ActiveCfg = Release|Any CPU
		{8DB2A78D-0FB1-4808-B707-2954E9FF9A32}.Release|Any CPU.Build.0 = Release|Any CPU
		{8DB2A78D-0FB1-4808-B707-2954E9FF9A32}.Release|x64.ActiveCfg = Release|Any CPU
		{8DB2A78D-0FB1-4808-B707-2954E9FF9A32}.Release|x64.Build.0 = Release|Any CPU
		{8DB2A78D-0FB1-4808-B707-2954E9FF9A32}.Release|x86.ActiveCfg = Release|Any CPU
		{8DB2A78D-0FB1-4808-B707-2954E9FF9A32}.Release|x86.Build.0 = Release|Any CPU
		{1807EC5D-626C-4CB1-9042-9035C24A8E0B}.Debug|Any CPU.ActiveCfg = Debug|Any CPU
		{1807EC5D-626C-4CB1-9042-9035C24A8E0B}.Debug|Any CPU.Build.0 = Debug|Any CPU
		{1807EC5D-626C-4CB1-9042-9035C24A8E0B}.Debug|x64.ActiveCfg = Debug|Any CPU
		{1807EC5D-626C-4CB1-9042-9035C24A8E0B}.Debug|x64.Build.0 = Debug|Any CPU
		{1807EC5D-626C-4CB1-9042-9035C24A8E0B}.Debug|x86.ActiveCfg = Debug|Any CPU
		{1807EC5D-626C-4CB1-9042-9035C24A8E0B}.Debug|x86.Build.0 = Debug|Any CPU
		{1807EC5D-626C-4CB1-9042-9035C24A8E0B}.Release|Any CPU.ActiveCfg = Release|Any CPU
		{1807EC5D-626C-4CB1-9042-9035C24A8E0B}.Release|Any CPU.Build.0 = Release|Any CPU
		{1807EC5D-626C-4CB1-9042-9035C24A8E0B}.Release|x64.ActiveCfg = Release|Any CPU
		{1807EC5D-626C-4CB1-9042-9035C24A8E0B}.Release|x64.Build.0 = Release|Any CPU
		{1807EC5D-626C-4CB1-9042-9035C24A8E0B}.Release|x86.ActiveCfg = Release|Any CPU
		{1807EC5D-626C-4CB1-9042-9035C24A8E0B}.Release|x86.Build.0 = Release|Any CPU
	EndGlobalSection
EndGlobal
